schema: '2.0'
stages:
  load_data:
    cmd: python src/stage_01_load_save.py --config=config/config.yaml
    deps:
    - path: config/config.yaml
      md5: 542139a8e7bd16d2c581f1505ec4976b
      size: 381
    - path: src/stage_01_load_save.py
      md5: 4744934e64f121a78875612f81f29364
      size: 1003
    - path: src/utils/all_utils.py
      md5: f09f0ccb0e6fde8e6557225c071e6745
      size: 301
    outs:
    - path: artifacts/raw_local_dir/data.csv
      md5: 7d814a1bda02145efe703f4e1c01847a
      size: 91999
